{
    "_readme": [
        "This file locks the dependencies of your project to a known state",
        "Read more about it at http://getcomposer.org/doc/01-basic-usage.md#composer-lock-the-lock-file",
        "This file is @generated automatically"
    ],
    "hash": "952e14fb3e22fd9226b931dc37595482",
    "packages": [
        {
            "name": "codelint/php-lang",
            "version": "dev-master",
            "source": {
                "type": "git",
                "url": "https://github.com/codelint/php-lang.git",
                "reference": "2648858d837be25fbd4f95cf503db0db73a66996"
            },
            "dist": {
                "type": "zip",
                "url": "https://api.github.com/repos/codelint/php-lang/zipball/2648858d837be25fbd4f95cf503db0db73a66996",
                "reference": "2648858d837be25fbd4f95cf503db0db73a66996",
                "shasum": ""
            },
            "type": "library",
            "autoload": {
                "psr-0": {
                    "Codelint\\": "src/"
                },
                "files": [
                    "src/Codelint/Lang/helper.php"
                ]
            },
            "notification-url": "https://packagist.org/downloads/",
            "license": [
                "MIT"
            ],
            "authors": [
                {
                    "name": "codelint",
                    "email": "codelint@foxmail.com"
                }
            ],
            "description": "the function enhance for php language",
            "time": "2015-02-14 04:14:47"
        }
    ],
    "packages-dev": [],
    "aliases": [],
    "minimum-stability": "dev",
    "stability-flags": {
        "codelint/php-lang": 20
    },
    "prefer-stable": false,
    "prefer-lowest": false,
    "platform": [],
    "platform-dev": []
}
